
Microsoft Visual Studio Solution File, Format Version 9.00
# Visual Studio 2005
Project("{8BC9CEB8-8B4A-11D0-8D11-00A0C91BC942}") = "App", "Apps\App\App.vcproj", "{25C7DCE0-3B75-4F6C-A080-6A718AA658B4}"
EndProject
Project("{8BC9CEB8-8B4A-11D0-8D11-00A0C91BC942}") = "Rastering", "Libs\Rastering\Rastering.vcproj", "{89D101C7-A309-4B5C-A260-401D3CB59819}"
EndProject
Global
	GlobalSection(SolutionConfigurationPlatforms) = preSolution
		Debug|Win32 = Debug|Win32
		Release|Win32 = Release|Win32
	EndGlobalSection
	GlobalSection(ProjectConfigurationPlatforms) = postSolution
		{25C7DCE0-3B75-4F6C-A080-6A718AA658B4}.Debug|Win32.ActiveCfg = Debug|Win32
		{25C7DCE0-3B75-4F6C-A080-6A718AA658B4}.Debug|Win32.Build.0 = Debug|Win32
		{25C7DCE0-3B75-4F6C-A080-6A718AA658B4}.Release|Win32.ActiveCfg = Release|Win32
		{25C7DCE0-3B75-4F6C-A080-6A718AA658B4}.Release|Win32.Build.0 = Release|Win32
		{89D101C7-A309-4B5C-A260-401D3CB59819}.Debug|Win32.ActiveCfg = Debug|Win32
		{89D101C7-A309-4B5C-A260-401D3CB59819}.Debug|Win32.Build.0 = Debug|Win32
		{89D101C7-A309-4B5C-A260-401D3CB59819}.Release|Win32.ActiveCfg = Release|Win32
		{89D101C7-A309-4B5C-A260-401D3CB59819}.Release|Win32.Build.0 = Release|Win32
	EndGlobalSection
	GlobalSection(SolutionProperties) = preSolution
		HideSolutionNode = FALSE
	EndGlobalSection
EndGlobal
